{
  "version": 4,
  "terraform_version": "1.5.5",
  "serial": 3187,
  "lineage": "f5a9f14c-0280-d80e-cb63-b875cc37a3de",
  "outputs": {},
  "resources": [
    {
      "mode": "managed",
      "type": "null_resource",
      "name": "copy-join-command",
      "provider": "provider[\"registry.terraform.io/hashicorp/null\"]",
      "instances": [
        {
          "index_key": "worker1",
          "schema_version": 0,
          "attributes": {
            "id": "3987742112364666514",
            "triggers": null
          },
          "sensitive_attributes": [],
          "dependencies": [
            "null_resource.copy-private-key",
            "null_resource.for-master",
            "null_resource.for-worker",
            "null_resource.kubeadm-bootstrap",
            "openstack_networking_floatingip_v2.master-fip",
            "openstack_networking_floatingip_v2.worker-fip"
          ]
        },
        {
          "index_key": "worker2",
          "schema_version": 0,
          "attributes": {
            "id": "6253261519354315397",
            "triggers": null
          },
          "sensitive_attributes": [],
          "dependencies": [
            "null_resource.copy-private-key",
            "null_resource.for-master",
            "null_resource.for-worker",
            "null_resource.kubeadm-bootstrap",
            "openstack_networking_floatingip_v2.master-fip",
            "openstack_networking_floatingip_v2.worker-fip"
          ]
        }
      ]
    },
    {
      "mode": "managed",
      "type": "null_resource",
      "name": "copy-private-key",
      "provider": "provider[\"registry.terraform.io/hashicorp/null\"]",
      "instances": [
        {
          "schema_version": 0,
          "attributes": {
            "id": "2507870007210500814",
            "triggers": null
          },
          "sensitive_attributes": [],
          "dependencies": [
            "null_resource.for-master",
            "null_resource.for-worker",
            "null_resource.kubeadm-bootstrap",
            "openstack_networking_floatingip_v2.master-fip",
            "openstack_networking_floatingip_v2.worker-fip"
          ]
        }
      ]
    },
    {
      "mode": "managed",
      "type": "null_resource",
      "name": "for-master",
      "provider": "provider[\"registry.terraform.io/hashicorp/null\"]",
      "instances": [
        {
          "index_key": "master",
          "schema_version": 0,
          "attributes": {
            "id": "6451835828682542038",
            "triggers": null
          },
          "sensitive_attributes": [],
          "dependencies": [
            "openstack_networking_floatingip_v2.master-fip"
          ]
        }
      ]
    },
    {
      "mode": "managed",
      "type": "null_resource",
      "name": "for-worker",
      "provider": "provider[\"registry.terraform.io/hashicorp/null\"]",
      "instances": [
        {
          "index_key": "worker1",
          "schema_version": 0,
          "attributes": {
            "id": "7066580820152290066",
            "triggers": null
          },
          "sensitive_attributes": [],
          "dependencies": [
            "openstack_networking_floatingip_v2.worker-fip"
          ]
        },
        {
          "index_key": "worker2",
          "schema_version": 0,
          "attributes": {
            "id": "7533017455373724180",
            "triggers": null
          },
          "sensitive_attributes": [],
          "dependencies": [
            "openstack_networking_floatingip_v2.worker-fip"
          ]
        }
      ]
    },
    {
      "mode": "managed",
      "type": "null_resource",
      "name": "kubeadm-bootstrap",
      "provider": "provider[\"registry.terraform.io/hashicorp/null\"]",
      "instances": [
        {
          "schema_version": 0,
          "attributes": {
            "id": "5936100663821786171",
            "triggers": null
          },
          "sensitive_attributes": [],
          "dependencies": [
            "null_resource.for-master",
            "null_resource.for-worker",
            "openstack_networking_floatingip_v2.master-fip",
            "openstack_networking_floatingip_v2.worker-fip"
          ]
        }
      ]
    },
    {
      "mode": "managed",
      "type": "null_resource",
      "name": "kubeadm-complete",
      "provider": "provider[\"registry.terraform.io/hashicorp/null\"]",
      "instances": [
        {
          "schema_version": 0,
          "attributes": {
            "id": "605093212002030101",
            "triggers": null
          },
          "sensitive_attributes": [],
          "dependencies": [
            "null_resource.copy-join-command",
            "null_resource.copy-private-key",
            "null_resource.for-master",
            "null_resource.for-worker",
            "null_resource.kubeadm-bootstrap",
            "openstack_networking_floatingip_v2.master-fip",
            "openstack_networking_floatingip_v2.worker-fip"
          ]
        }
      ]
    },
    {
      "mode": "managed",
      "type": "openstack_blockstorage_volume_v3",
      "name": "master-vol",
      "provider": "provider[\"registry.terraform.io/terraform-provider-openstack/openstack\"]",
      "instances": [
        {
          "index_key": "master",
          "schema_version": 0,
          "attributes": {
            "attachment": [
              {
                "device": "/dev/vda",
                "id": "a1618338-9ad7-4c3b-8d0d-a341120202db",
                "instance_id": "a6411665-4985-4582-8334-4614ab6390e7"
              }
            ],
            "availability_zone": "nova",
            "consistency_group_id": null,
            "description": "",
            "enable_online_resize": null,
            "id": "a1618338-9ad7-4c3b-8d0d-a341120202db",
            "image_id": "56383473-17de-4baf-8b9b-3711bebe5d3d",
            "metadata": {},
            "multiattach": null,
            "name": "vol_master",
            "region": "regionOne",
            "scheduler_hints": [],
            "size": 10,
            "snapshot_id": "",
            "source_replica": null,
            "source_vol_id": "",
            "timeouts": null,
            "volume_type": "standard"
          },
          "sensitive_attributes": [],
          "private": "eyJlMmJmYjczMC1lY2FhLTExZTYtOGY4OC0zNDM2M2JjN2M0YzAiOnsiY3JlYXRlIjo2MDAwMDAwMDAwMDAsImRlbGV0ZSI6NjAwMDAwMDAwMDAwfX0="
        }
      ]
    },
    {
      "mode": "managed",
      "type": "openstack_blockstorage_volume_v3",
      "name": "worker-vol",
      "provider": "provider[\"registry.terraform.io/terraform-provider-openstack/openstack\"]",
      "instances": [
        {
          "index_key": "worker1",
          "schema_version": 0,
          "attributes": {
            "attachment": [
              {
                "device": "/dev/vda",
                "id": "2877d069-1cf9-4838-9cbc-70711e843c1f",
                "instance_id": "79a72a79-fd82-4038-b42f-7a4083d14700"
              }
            ],
            "availability_zone": "nova",
            "consistency_group_id": null,
            "description": "",
            "enable_online_resize": null,
            "id": "2877d069-1cf9-4838-9cbc-70711e843c1f",
            "image_id": "56383473-17de-4baf-8b9b-3711bebe5d3d",
            "metadata": {},
            "multiattach": null,
            "name": "vol_worker1",
            "region": "regionOne",
            "scheduler_hints": [],
            "size": 10,
            "snapshot_id": "",
            "source_replica": null,
            "source_vol_id": "",
            "timeouts": null,
            "volume_type": "standard"
          },
          "sensitive_attributes": [],
          "private": "eyJlMmJmYjczMC1lY2FhLTExZTYtOGY4OC0zNDM2M2JjN2M0YzAiOnsiY3JlYXRlIjo2MDAwMDAwMDAwMDAsImRlbGV0ZSI6NjAwMDAwMDAwMDAwfX0="
        },
        {
          "index_key": "worker2",
          "schema_version": 0,
          "attributes": {
            "attachment": [
              {
                "device": "/dev/vda",
                "id": "5447beed-3a2f-490c-b10a-e15a8b003e34",
                "instance_id": "102ea181-1199-409c-9999-5aa400a62618"
              }
            ],
            "availability_zone": "nova",
            "consistency_group_id": null,
            "description": "",
            "enable_online_resize": null,
            "id": "5447beed-3a2f-490c-b10a-e15a8b003e34",
            "image_id": "56383473-17de-4baf-8b9b-3711bebe5d3d",
            "metadata": {},
            "multiattach": null,
            "name": "vol_worker2",
            "region": "regionOne",
            "scheduler_hints": [],
            "size": 10,
            "snapshot_id": "",
            "source_replica": null,
            "source_vol_id": "",
            "timeouts": null,
            "volume_type": "standard"
          },
          "sensitive_attributes": [],
          "private": "eyJlMmJmYjczMC1lY2FhLTExZTYtOGY4OC0zNDM2M2JjN2M0YzAiOnsiY3JlYXRlIjo2MDAwMDAwMDAwMDAsImRlbGV0ZSI6NjAwMDAwMDAwMDAwfX0="
        }
      ]
    },
    {
      "mode": "managed",
      "type": "openstack_compute_flavor_v2",
      "name": "tf_flavor1",
      "provider": "provider[\"registry.terraform.io/terraform-provider-openstack/openstack\"]",
      "instances": [
        {
          "schema_version": 0,
          "attributes": {
            "description": "",
            "disk": 0,
            "ephemeral": 0,
            "extra_specs": {
              "aggregate_instance_extra_specs:processor": "intel"
            },
            "flavor_id": "9133f962-8e57-41c5-9e28-0b81793e7225",
            "id": "9133f962-8e57-41c5-9e28-0b81793e7225",
            "is_public": true,
            "name": "tf-flavor",
            "ram": 4096,
            "region": "regionOne",
            "rx_tx_factor": 1,
            "swap": 0,
            "vcpus": 2
          },
          "sensitive_attributes": [],
          "private": "bnVsbA=="
        }
      ]
    },
    {
      "mode": "managed",
      "type": "openstack_compute_floatingip_associate_v2",
      "name": "master-fip",
      "provider": "provider[\"registry.terraform.io/terraform-provider-openstack/openstack\"]",
      "instances": [
        {
          "index_key": "master",
          "schema_version": 0,
          "attributes": {
            "fixed_ip": "",
            "floating_ip": "125.213.130.182",
            "id": "125.213.130.182/a6411665-4985-4582-8334-4614ab6390e7/",
            "instance_id": "a6411665-4985-4582-8334-4614ab6390e7",
            "region": "regionOne",
            "timeouts": null,
            "wait_until_associated": null
          },
          "sensitive_attributes": [],
          "private": "eyJlMmJmYjczMC1lY2FhLTExZTYtOGY4OC0zNDM2M2JjN2M0YzAiOnsiY3JlYXRlIjo2MDAwMDAwMDAwMDB9fQ==",
          "dependencies": [
            "openstack_blockstorage_volume_v3.master-vol",
            "openstack_compute_flavor_v2.tf_flavor1",
            "openstack_compute_instance_v2.master-vm",
            "openstack_compute_keypair_v2.tf-keypair",
            "openstack_compute_secgroup_v2.master-secgroup",
            "openstack_compute_servergroup_v2.master-servergroup",
            "openstack_networking_floatingip_v2.master-fip",
            "openstack_networking_network_v2.tf-network1",
            "openstack_networking_port_v2.master-port",
            "openstack_networking_subnet_v2.tf-subnet1"
          ]
        }
      ]
    },
    {
      "mode": "managed",
      "type": "openstack_compute_floatingip_associate_v2",
      "name": "worker-fip",
      "provider": "provider[\"registry.terraform.io/terraform-provider-openstack/openstack\"]",
      "instances": [
        {
          "index_key": "worker1",
          "schema_version": 0,
          "attributes": {
            "fixed_ip": "",
            "floating_ip": "125.213.130.183",
            "id": "125.213.130.183/79a72a79-fd82-4038-b42f-7a4083d14700/",
            "instance_id": "79a72a79-fd82-4038-b42f-7a4083d14700",
            "region": "regionOne",
            "timeouts": null,
            "wait_until_associated": null
          },
          "sensitive_attributes": [],
          "private": "eyJlMmJmYjczMC1lY2FhLTExZTYtOGY4OC0zNDM2M2JjN2M0YzAiOnsiY3JlYXRlIjo2MDAwMDAwMDAwMDB9fQ==",
          "dependencies": [
            "openstack_blockstorage_volume_v3.worker-vol",
            "openstack_compute_flavor_v2.tf_flavor1",
            "openstack_compute_instance_v2.worker-vm",
            "openstack_compute_keypair_v2.tf-keypair",
            "openstack_compute_secgroup_v2.worker-secgroup",
            "openstack_compute_servergroup_v2.worker-servergroup",
            "openstack_networking_floatingip_v2.worker-fip",
            "openstack_networking_network_v2.tf-network1",
            "openstack_networking_port_v2.worker-port",
            "openstack_networking_subnet_v2.tf-subnet1"
          ]
        },
        {
          "index_key": "worker2",
          "schema_version": 0,
          "attributes": {
            "fixed_ip": "",
            "floating_ip": "125.213.130.184",
            "id": "125.213.130.184/102ea181-1199-409c-9999-5aa400a62618/",
            "instance_id": "102ea181-1199-409c-9999-5aa400a62618",
            "region": "regionOne",
            "timeouts": null,
            "wait_until_associated": null
          },
          "sensitive_attributes": [],
          "private": "eyJlMmJmYjczMC1lY2FhLTExZTYtOGY4OC0zNDM2M2JjN2M0YzAiOnsiY3JlYXRlIjo2MDAwMDAwMDAwMDB9fQ==",
          "dependencies": [
            "openstack_blockstorage_volume_v3.worker-vol",
            "openstack_compute_flavor_v2.tf_flavor1",
            "openstack_compute_instance_v2.worker-vm",
            "openstack_compute_keypair_v2.tf-keypair",
            "openstack_compute_secgroup_v2.worker-secgroup",
            "openstack_compute_servergroup_v2.worker-servergroup",
            "openstack_networking_floatingip_v2.worker-fip",
            "openstack_networking_network_v2.tf-network1",
            "openstack_networking_port_v2.worker-port",
            "openstack_networking_subnet_v2.tf-subnet1"
          ]
        }
      ]
    },
    {
      "mode": "managed",
      "type": "openstack_compute_instance_v2",
      "name": "master-vm",
      "provider": "provider[\"registry.terraform.io/terraform-provider-openstack/openstack\"]",
      "instances": [
        {
          "index_key": "master",
          "schema_version": 0,
          "attributes": {
            "access_ip_v4": "10.20.20.11",
            "access_ip_v6": "",
            "admin_pass": null,
            "all_metadata": {},
            "all_tags": [],
            "availability_zone": "nova",
            "availability_zone_hints": null,
            "block_device": [
              {
                "boot_index": 0,
                "delete_on_termination": true,
                "destination_type": "volume",
                "device_type": "",
                "disk_bus": "",
                "guest_format": "",
                "multiattach": false,
                "source_type": "volume",
                "uuid": "a1618338-9ad7-4c3b-8d0d-a341120202db",
                "volume_size": 0,
                "volume_type": ""
              }
            ],
            "config_drive": null,
            "created": "2024-01-12 07:22:41 +0000 UTC",
            "flavor_id": "9133f962-8e57-41c5-9e28-0b81793e7225",
            "flavor_name": "tf-flavor",
            "floating_ip": null,
            "force_delete": false,
            "id": "a6411665-4985-4582-8334-4614ab6390e7",
            "image_id": "Attempt to boot from volume - no image supplied",
            "image_name": null,
            "key_pair": "terra-keypair",
            "metadata": null,
            "name": "master",
            "network": [
              {
                "access_network": false,
                "fixed_ip_v4": "10.20.20.11",
                "fixed_ip_v6": "",
                "floating_ip": "",
                "mac": "fa:16:3e:7c:ea:55",
                "name": "tf-net",
                "port": "49b3b87c-2445-4be4-b6b6-35c1958f2b6c",
                "uuid": "1a740496-20b1-4104-a034-65716f68506b"
              }
            ],
            "network_mode": null,
            "personality": [],
            "power_state": "active",
            "region": "regionOne",
            "scheduler_hints": [
              {
                "additional_properties": {},
                "build_near_host_ip": "",
                "different_cell": [],
                "different_host": [],
                "group": "eb8f5978-953c-4bdd-9775-a512750243d1",
                "query": [],
                "same_host": [],
                "target_cell": ""
              }
            ],
            "security_groups": [
              "master-secgroup"
            ],
            "stop_before_destroy": false,
            "tags": [],
            "timeouts": null,
            "updated": "2024-01-12 07:22:53 +0000 UTC",
            "user_data": "eca8c4465b862ee6a820351b222264636eeb6e8e",
            "vendor_options": [],
            "volume": []
          },
          "sensitive_attributes": [],
          "private": "eyJlMmJmYjczMC1lY2FhLTExZTYtOGY4OC0zNDM2M2JjN2M0YzAiOnsiY3JlYXRlIjoxODAwMDAwMDAwMDAwLCJkZWxldGUiOjE4MDAwMDAwMDAwMDAsInVwZGF0ZSI6MTgwMDAwMDAwMDAwMH19",
          "dependencies": [
            "openstack_blockstorage_volume_v3.master-vol",
            "openstack_compute_flavor_v2.tf_flavor1",
            "openstack_compute_keypair_v2.tf-keypair",
            "openstack_compute_secgroup_v2.master-secgroup",
            "openstack_compute_servergroup_v2.master-servergroup",
            "openstack_networking_network_v2.tf-network1",
            "openstack_networking_port_v2.master-port",
            "openstack_networking_subnet_v2.tf-subnet1"
          ]
        }
      ]
    },
    {
      "mode": "managed",
      "type": "openstack_compute_instance_v2",
      "name": "worker-vm",
      "provider": "provider[\"registry.terraform.io/terraform-provider-openstack/openstack\"]",
      "instances": [
        {
          "index_key": "worker1",
          "schema_version": 0,
          "attributes": {
            "access_ip_v4": "10.20.20.12",
            "access_ip_v6": "",
            "admin_pass": null,
            "all_metadata": {},
            "all_tags": [],
            "availability_zone": "nova",
            "availability_zone_hints": null,
            "block_device": [
              {
                "boot_index": 0,
                "delete_on_termination": true,
                "destination_type": "volume",
                "device_type": "",
                "disk_bus": "",
                "guest_format": "",
                "multiattach": false,
                "source_type": "volume",
                "uuid": "2877d069-1cf9-4838-9cbc-70711e843c1f",
                "volume_size": 0,
                "volume_type": ""
              }
            ],
            "config_drive": null,
            "created": "2024-01-12 07:22:41 +0000 UTC",
            "flavor_id": "9133f962-8e57-41c5-9e28-0b81793e7225",
            "flavor_name": "tf-flavor",
            "floating_ip": null,
            "force_delete": false,
            "id": "79a72a79-fd82-4038-b42f-7a4083d14700",
            "image_id": "Attempt to boot from volume - no image supplied",
            "image_name": null,
            "key_pair": "terra-keypair",
            "metadata": null,
            "name": "worker1",
            "network": [
              {
                "access_network": false,
                "fixed_ip_v4": "10.20.20.12",
                "fixed_ip_v6": "",
                "floating_ip": "",
                "mac": "fa:16:3e:04:0f:24",
                "name": "tf-net",
                "port": "3e2ffd1a-8fec-4262-a59a-ca2d9733732c",
                "uuid": "1a740496-20b1-4104-a034-65716f68506b"
              }
            ],
            "network_mode": null,
            "personality": [],
            "power_state": "active",
            "region": "regionOne",
            "scheduler_hints": [
              {
                "additional_properties": {},
                "build_near_host_ip": "",
                "different_cell": [],
                "different_host": [],
                "group": "ceb8f47c-817a-4a72-af5c-11d8c075211a",
                "query": [],
                "same_host": [],
                "target_cell": ""
              }
            ],
            "security_groups": [
              "worker-secgroup"
            ],
            "stop_before_destroy": false,
            "tags": [],
            "timeouts": null,
            "updated": "2024-01-12 07:22:53 +0000 UTC",
            "user_data": "eca8c4465b862ee6a820351b222264636eeb6e8e",
            "vendor_options": [],
            "volume": []
          },
          "sensitive_attributes": [],
          "private": "eyJlMmJmYjczMC1lY2FhLTExZTYtOGY4OC0zNDM2M2JjN2M0YzAiOnsiY3JlYXRlIjoxODAwMDAwMDAwMDAwLCJkZWxldGUiOjE4MDAwMDAwMDAwMDAsInVwZGF0ZSI6MTgwMDAwMDAwMDAwMH19",
          "dependencies": [
            "openstack_blockstorage_volume_v3.worker-vol",
            "openstack_compute_flavor_v2.tf_flavor1",
            "openstack_compute_keypair_v2.tf-keypair",
            "openstack_compute_secgroup_v2.worker-secgroup",
            "openstack_compute_servergroup_v2.worker-servergroup",
            "openstack_networking_network_v2.tf-network1",
            "openstack_networking_port_v2.worker-port",
            "openstack_networking_subnet_v2.tf-subnet1"
          ]
        },
        {
          "index_key": "worker2",
          "schema_version": 0,
          "attributes": {
            "access_ip_v4": "10.20.20.13",
            "access_ip_v6": "",
            "admin_pass": null,
            "all_metadata": {},
            "all_tags": [],
            "availability_zone": "nova",
            "availability_zone_hints": null,
            "block_device": [
              {
                "boot_index": 0,
                "delete_on_termination": true,
                "destination_type": "volume",
                "device_type": "",
                "disk_bus": "",
                "guest_format": "",
                "multiattach": false,
                "source_type": "volume",
                "uuid": "5447beed-3a2f-490c-b10a-e15a8b003e34",
                "volume_size": 0,
                "volume_type": ""
              }
            ],
            "config_drive": null,
            "created": "2024-01-12 07:22:41 +0000 UTC",
            "flavor_id": "9133f962-8e57-41c5-9e28-0b81793e7225",
            "flavor_name": "tf-flavor",
            "floating_ip": null,
            "force_delete": false,
            "id": "102ea181-1199-409c-9999-5aa400a62618",
            "image_id": "Attempt to boot from volume - no image supplied",
            "image_name": null,
            "key_pair": "terra-keypair",
            "metadata": null,
            "name": "worker2",
            "network": [
              {
                "access_network": false,
                "fixed_ip_v4": "10.20.20.13",
                "fixed_ip_v6": "",
                "floating_ip": "",
                "mac": "fa:16:3e:98:11:68",
                "name": "tf-net",
                "port": "3bd69ba6-222d-423b-83e4-fbebae6ec89b",
                "uuid": "1a740496-20b1-4104-a034-65716f68506b"
              }
            ],
            "network_mode": null,
            "personality": [],
            "power_state": "active",
            "region": "regionOne",
            "scheduler_hints": [
              {
                "additional_properties": {},
                "build_near_host_ip": "",
                "different_cell": [],
                "different_host": [],
                "group": "ceb8f47c-817a-4a72-af5c-11d8c075211a",
                "query": [],
                "same_host": [],
                "target_cell": ""
              }
            ],
            "security_groups": [
              "worker-secgroup"
            ],
            "stop_before_destroy": false,
            "tags": [],
            "timeouts": null,
            "updated": "2024-01-12 07:22:49 +0000 UTC",
            "user_data": "eca8c4465b862ee6a820351b222264636eeb6e8e",
            "vendor_options": [],
            "volume": []
          },
          "sensitive_attributes": [],
          "private": "eyJlMmJmYjczMC1lY2FhLTExZTYtOGY4OC0zNDM2M2JjN2M0YzAiOnsiY3JlYXRlIjoxODAwMDAwMDAwMDAwLCJkZWxldGUiOjE4MDAwMDAwMDAwMDAsInVwZGF0ZSI6MTgwMDAwMDAwMDAwMH19",
          "dependencies": [
            "openstack_blockstorage_volume_v3.worker-vol",
            "openstack_compute_flavor_v2.tf_flavor1",
            "openstack_compute_keypair_v2.tf-keypair",
            "openstack_compute_secgroup_v2.worker-secgroup",
            "openstack_compute_servergroup_v2.worker-servergroup",
            "openstack_networking_network_v2.tf-network1",
            "openstack_networking_port_v2.worker-port",
            "openstack_networking_subnet_v2.tf-subnet1"
          ]
        }
      ]
    },
    {
      "mode": "managed",
      "type": "openstack_compute_keypair_v2",
      "name": "tf-keypair",
      "provider": "provider[\"registry.terraform.io/terraform-provider-openstack/openstack\"]",
      "instances": [
        {
          "schema_version": 0,
          "attributes": {
            "fingerprint": "25:e4:68:ca:61:43:0d:3a:8d:22:96:30:aa:4a:22:57",
            "id": "terra-keypair",
            "name": "terra-keypair",
            "private_key": "",
            "public_key": "ssh-rsa AAAAB3NzaC1yc2EAAAADAQABAAABAQDGoFEgRQDiK3/jg7yptJ5TZi4WXlbvCa9w0cAUg4Mc4omomzXPF3XstpBC2xCSWRpsIhWusLr20p3M4tDkb87zxdmGZtJPljNn96KkX17lE0OJxHX4sMsCs1eHOsnhc5jcpnR43ATA/uOgVYEatDaIkaXgMQZeo4/+EYNcCoNMpk3CZAr8158iINWTRQFl+Ya814Bqa6+h3NEgiyN7R+dDdz7LFh2U05E9v4HodFpERx6waLfGjhdjXMVhZDLyDdulO+ETofQUG2uATz2Ocv8Cw7VEfG8QsJ8J0u2tdvCXVcqQ5gB7Xg34+/mn+j/bfLlDgu/C1VlqU05uELv50Cel ACC@ACC-MSI-LAPTOP",
            "region": "regionOne",
            "user_id": "",
            "value_specs": null
          },
          "sensitive_attributes": [],
          "private": "bnVsbA=="
        }
      ]
    },
    {
      "mode": "managed",
      "type": "openstack_compute_secgroup_v2",
      "name": "master-secgroup",
      "provider": "provider[\"registry.terraform.io/terraform-provider-openstack/openstack\"]",
      "instances": [
        {
          "schema_version": 0,
          "attributes": {
            "description": "Security Group for Kubernetes Control Plane",
            "id": "cb055ab7-c369-469c-b2b1-0f21469add31",
            "name": "master-secgroup",
            "region": "regionOne",
            "rule": [
              {
                "cidr": "0.0.0.0/0",
                "from_group_id": "",
                "from_port": 10250,
                "id": "d935286d-99a8-415e-b426-3228862f90bd",
                "ip_protocol": "tcp",
                "self": false,
                "to_port": 10250
              },
              {
                "cidr": "0.0.0.0/0",
                "from_group_id": "",
                "from_port": 10257,
                "id": "61ee8d4a-397a-48fe-b5ad-bf988014d35c",
                "ip_protocol": "tcp",
                "self": false,
                "to_port": 10257
              },
              {
                "cidr": "0.0.0.0/0",
                "from_group_id": "",
                "from_port": 10259,
                "id": "ad9fbbe8-ce69-4f4d-8ef4-86df37e59c68",
                "ip_protocol": "tcp",
                "self": false,
                "to_port": 10259
              },
              {
                "cidr": "0.0.0.0/0",
                "from_group_id": "",
                "from_port": 22,
                "id": "ffe545f1-ad40-4d1d-93ef-b9837706bbd2",
                "ip_protocol": "tcp",
                "self": false,
                "to_port": 22
              },
              {
                "cidr": "0.0.0.0/0",
                "from_group_id": "",
                "from_port": 2379,
                "id": "99c4c9d2-68a7-4284-8ffa-39629275b27b",
                "ip_protocol": "tcp",
                "self": false,
                "to_port": 2380
              },
              {
                "cidr": "0.0.0.0/0",
                "from_group_id": "",
                "from_port": 6443,
                "id": "73bcba54-8eab-483c-83ae-50bd0a9023da",
                "ip_protocol": "tcp",
                "self": false,
                "to_port": 6443
              },
              {
                "cidr": "0.0.0.0/0",
                "from_group_id": "",
                "from_port": 80,
                "id": "c212f020-884d-4816-bda2-982d5b899303",
                "ip_protocol": "tcp",
                "self": false,
                "to_port": 80
              }
            ],
            "timeouts": null
          },
          "sensitive_attributes": [],
          "private": "eyJlMmJmYjczMC1lY2FhLTExZTYtOGY4OC0zNDM2M2JjN2M0YzAiOnsiZGVsZXRlIjo2MDAwMDAwMDAwMDB9fQ=="
        }
      ]
    },
    {
      "mode": "managed",
      "type": "openstack_compute_secgroup_v2",
      "name": "worker-secgroup",
      "provider": "provider[\"registry.terraform.io/terraform-provider-openstack/openstack\"]",
      "instances": [
        {
          "schema_version": 0,
          "attributes": {
            "description": "Security Group for Kubernetes Worker",
            "id": "8f6d6e22-b047-41c1-a4ff-8bcd47e3b8ac",
            "name": "worker-secgroup",
            "region": "regionOne",
            "rule": [
              {
                "cidr": "0.0.0.0/0",
                "from_group_id": "",
                "from_port": 10250,
                "id": "821d14e8-01c1-4652-b4b3-8f2347193eeb",
                "ip_protocol": "tcp",
                "self": false,
                "to_port": 10250
              },
              {
                "cidr": "0.0.0.0/0",
                "from_group_id": "",
                "from_port": 22,
                "id": "207997b4-1b7a-45f4-9ee6-c603a86e48e1",
                "ip_protocol": "tcp",
                "self": false,
                "to_port": 22
              },
              {
                "cidr": "0.0.0.0/0",
                "from_group_id": "",
                "from_port": 30000,
                "id": "cc019290-0868-4dfa-b8f8-d3197b1112e4",
                "ip_protocol": "tcp",
                "self": false,
                "to_port": 32767
              },
              {
                "cidr": "0.0.0.0/0",
                "from_group_id": "",
                "from_port": 80,
                "id": "9f9f499a-bb12-4170-ab7a-3e1a5f988637",
                "ip_protocol": "tcp",
                "self": false,
                "to_port": 80
              }
            ],
            "timeouts": null
          },
          "sensitive_attributes": [],
          "private": "eyJlMmJmYjczMC1lY2FhLTExZTYtOGY4OC0zNDM2M2JjN2M0YzAiOnsiZGVsZXRlIjo2MDAwMDAwMDAwMDB9fQ=="
        }
      ]
    },
    {
      "mode": "managed",
      "type": "openstack_compute_servergroup_v2",
      "name": "master-servergroup",
      "provider": "provider[\"registry.terraform.io/terraform-provider-openstack/openstack\"]",
      "instances": [
        {
          "schema_version": 0,
          "attributes": {
            "id": "eb8f5978-953c-4bdd-9775-a512750243d1",
            "members": [
              "a6411665-4985-4582-8334-4614ab6390e7"
            ],
            "name": "master-servergroup",
            "policies": [
              "anti-affinity"
            ],
            "region": "regionOne",
            "rules": [
              {
                "max_server_per_host": 0
              }
            ],
            "value_specs": null
          },
          "sensitive_attributes": [],
          "private": "bnVsbA=="
        }
      ]
    },
    {
      "mode": "managed",
      "type": "openstack_compute_servergroup_v2",
      "name": "worker-servergroup",
      "provider": "provider[\"registry.terraform.io/terraform-provider-openstack/openstack\"]",
      "instances": [
        {
          "schema_version": 0,
          "attributes": {
            "id": "ceb8f47c-817a-4a72-af5c-11d8c075211a",
            "members": [
              "79a72a79-fd82-4038-b42f-7a4083d14700",
              "102ea181-1199-409c-9999-5aa400a62618"
            ],
            "name": "worker-servergroup",
            "policies": [
              "anti-affinity"
            ],
            "region": "regionOne",
            "rules": [
              {
                "max_server_per_host": 0
              }
            ],
            "value_specs": null
          },
          "sensitive_attributes": [],
          "private": "bnVsbA=="
        }
      ]
    },
    {
      "mode": "managed",
      "type": "openstack_networking_floatingip_v2",
      "name": "master-fip",
      "provider": "provider[\"registry.terraform.io/terraform-provider-openstack/openstack\"]",
      "instances": [
        {
          "index_key": "master",
          "schema_version": 0,
          "attributes": {
            "address": "125.213.130.182",
            "all_tags": [],
            "description": "",
            "dns_domain": "",
            "dns_name": "",
            "fixed_ip": "10.20.20.11",
            "id": "a6f31990-7823-4a86-85c4-61440b994205",
            "pool": "Public",
            "port_id": "49b3b87c-2445-4be4-b6b6-35c1958f2b6c",
            "region": "regionOne",
            "subnet_id": null,
            "subnet_ids": null,
            "tags": [],
            "tenant_id": "03caea5dcd254ff8ac2a2f5a9fb0eba5",
            "timeouts": null,
            "value_specs": null
          },
          "sensitive_attributes": [],
          "private": "eyJlMmJmYjczMC1lY2FhLTExZTYtOGY4OC0zNDM2M2JjN2M0YzAiOnsiY3JlYXRlIjo2MDAwMDAwMDAwMDAsImRlbGV0ZSI6NjAwMDAwMDAwMDAwfX0="
        }
      ]
    },
    {
      "mode": "managed",
      "type": "openstack_networking_floatingip_v2",
      "name": "worker-fip",
      "provider": "provider[\"registry.terraform.io/terraform-provider-openstack/openstack\"]",
      "instances": [
        {
          "index_key": "worker1",
          "schema_version": 0,
          "attributes": {
            "address": "125.213.130.183",
            "all_tags": [],
            "description": "",
            "dns_domain": "",
            "dns_name": "",
            "fixed_ip": "10.20.20.12",
            "id": "38c102cf-3054-433e-b566-3123e19c555f",
            "pool": "Public",
            "port_id": "3e2ffd1a-8fec-4262-a59a-ca2d9733732c",
            "region": "regionOne",
            "subnet_id": null,
            "subnet_ids": null,
            "tags": [],
            "tenant_id": "03caea5dcd254ff8ac2a2f5a9fb0eba5",
            "timeouts": null,
            "value_specs": null
          },
          "sensitive_attributes": [],
          "private": "eyJlMmJmYjczMC1lY2FhLTExZTYtOGY4OC0zNDM2M2JjN2M0YzAiOnsiY3JlYXRlIjo2MDAwMDAwMDAwMDAsImRlbGV0ZSI6NjAwMDAwMDAwMDAwfX0="
        },
        {
          "index_key": "worker2",
          "schema_version": 0,
          "attributes": {
            "address": "125.213.130.184",
            "all_tags": [],
            "description": "",
            "dns_domain": "",
            "dns_name": "",
            "fixed_ip": "10.20.20.13",
            "id": "22f8f733-aa63-46bb-a4d5-5a857bca9f96",
            "pool": "Public",
            "port_id": "3bd69ba6-222d-423b-83e4-fbebae6ec89b",
            "region": "regionOne",
            "subnet_id": null,
            "subnet_ids": null,
            "tags": [],
            "tenant_id": "03caea5dcd254ff8ac2a2f5a9fb0eba5",
            "timeouts": null,
            "value_specs": null
          },
          "sensitive_attributes": [],
          "private": "eyJlMmJmYjczMC1lY2FhLTExZTYtOGY4OC0zNDM2M2JjN2M0YzAiOnsiY3JlYXRlIjo2MDAwMDAwMDAwMDAsImRlbGV0ZSI6NjAwMDAwMDAwMDAwfX0="
        }
      ]
    },
    {
      "mode": "managed",
      "type": "openstack_networking_network_v2",
      "name": "tf-network1",
      "provider": "provider[\"registry.terraform.io/terraform-provider-openstack/openstack\"]",
      "instances": [
        {
          "schema_version": 0,
          "attributes": {
            "admin_state_up": true,
            "all_tags": [],
            "availability_zone_hints": [],
            "description": "",
            "dns_domain": "",
            "external": false,
            "id": "1a740496-20b1-4104-a034-65716f68506b",
            "mtu": 8942,
            "name": "tf-net",
            "port_security_enabled": true,
            "qos_policy_id": "",
            "region": "regionOne",
            "segments": [
              {
                "network_type": "geneve",
                "physical_network": "",
                "segmentation_id": 48145
              }
            ],
            "shared": false,
            "tags": [],
            "tenant_id": "03caea5dcd254ff8ac2a2f5a9fb0eba5",
            "timeouts": null,
            "transparent_vlan": false,
            "value_specs": null
          },
          "sensitive_attributes": [],
          "private": "eyJlMmJmYjczMC1lY2FhLTExZTYtOGY4OC0zNDM2M2JjN2M0YzAiOnsiY3JlYXRlIjo2MDAwMDAwMDAwMDAsImRlbGV0ZSI6NjAwMDAwMDAwMDAwfX0="
        }
      ]
    },
    {
      "mode": "managed",
      "type": "openstack_networking_port_secgroup_associate_v2",
      "name": "master-port-associate",
      "provider": "provider[\"registry.terraform.io/terraform-provider-openstack/openstack\"]",
      "instances": [
        {
          "index_key": "master",
          "schema_version": 0,
          "attributes": {
            "all_security_group_ids": [
              "cb055ab7-c369-469c-b2b1-0f21469add31"
            ],
            "enforce": true,
            "id": "49b3b87c-2445-4be4-b6b6-35c1958f2b6c",
            "port_id": "49b3b87c-2445-4be4-b6b6-35c1958f2b6c",
            "region": "regionOne",
            "security_group_ids": [
              "cb055ab7-c369-469c-b2b1-0f21469add31"
            ]
          },
          "sensitive_attributes": [],
          "private": "bnVsbA==",
          "dependencies": [
            "openstack_compute_secgroup_v2.master-secgroup",
            "openstack_networking_network_v2.tf-network1",
            "openstack_networking_port_v2.master-port",
            "openstack_networking_subnet_v2.tf-subnet1"
          ]
        }
      ]
    },
    {
      "mode": "managed",
      "type": "openstack_networking_port_secgroup_associate_v2",
      "name": "worker-port-associate",
      "provider": "provider[\"registry.terraform.io/terraform-provider-openstack/openstack\"]",
      "instances": [
        {
          "index_key": "worker1",
          "schema_version": 0,
          "attributes": {
            "all_security_group_ids": [
              "8f6d6e22-b047-41c1-a4ff-8bcd47e3b8ac"
            ],
            "enforce": true,
            "id": "3e2ffd1a-8fec-4262-a59a-ca2d9733732c",
            "port_id": "3e2ffd1a-8fec-4262-a59a-ca2d9733732c",
            "region": "regionOne",
            "security_group_ids": [
              "8f6d6e22-b047-41c1-a4ff-8bcd47e3b8ac"
            ]
          },
          "sensitive_attributes": [],
          "private": "bnVsbA==",
          "dependencies": [
            "openstack_compute_secgroup_v2.worker-secgroup",
            "openstack_networking_network_v2.tf-network1",
            "openstack_networking_port_v2.worker-port",
            "openstack_networking_subnet_v2.tf-subnet1"
          ]
        },
        {
          "index_key": "worker2",
          "schema_version": 0,
          "attributes": {
            "all_security_group_ids": [
              "8f6d6e22-b047-41c1-a4ff-8bcd47e3b8ac"
            ],
            "enforce": true,
            "id": "3bd69ba6-222d-423b-83e4-fbebae6ec89b",
            "port_id": "3bd69ba6-222d-423b-83e4-fbebae6ec89b",
            "region": "regionOne",
            "security_group_ids": [
              "8f6d6e22-b047-41c1-a4ff-8bcd47e3b8ac"
            ]
          },
          "sensitive_attributes": [],
          "private": "bnVsbA==",
          "dependencies": [
            "openstack_compute_secgroup_v2.worker-secgroup",
            "openstack_networking_network_v2.tf-network1",
            "openstack_networking_port_v2.worker-port",
            "openstack_networking_subnet_v2.tf-subnet1"
          ]
        }
      ]
    },
    {
      "mode": "managed",
      "type": "openstack_networking_port_v2",
      "name": "master-port",
      "provider": "provider[\"registry.terraform.io/terraform-provider-openstack/openstack\"]",
      "instances": [
        {
          "index_key": "master",
          "schema_version": 0,
          "attributes": {
            "admin_state_up": true,
            "all_fixed_ips": [
              "10.20.20.11"
            ],
            "all_security_group_ids": [
              "cb055ab7-c369-469c-b2b1-0f21469add31"
            ],
            "all_tags": [],
            "allowed_address_pairs": [],
            "binding": [
              {
                "host_id": "tbsrhosp-compute-2.lintasarta.net",
                "profile": "{}",
                "vif_details": {
                  "port_filter": "true"
                },
                "vif_type": "ovs",
                "vnic_type": "normal"
              }
            ],
            "description": "",
            "device_id": "a6411665-4985-4582-8334-4614ab6390e7",
            "device_owner": "compute:nova",
            "dns_assignment": [
              {
                "fqdn": "host-10-20-20-11.openstacklocal.",
                "hostname": "host-10-20-20-11",
                "ip_address": "10.20.20.11"
              }
            ],
            "dns_name": "",
            "extra_dhcp_option": [],
            "fixed_ip": [
              {
                "ip_address": "10.20.20.11",
                "subnet_id": "d848ae4e-3fd1-4757-b85e-b4ae18045295"
              }
            ],
            "id": "49b3b87c-2445-4be4-b6b6-35c1958f2b6c",
            "mac_address": "fa:16:3e:7c:ea:55",
            "name": "port-master-10.20.20.11",
            "network_id": "1a740496-20b1-4104-a034-65716f68506b",
            "no_fixed_ip": null,
            "no_security_groups": null,
            "port_security_enabled": true,
            "qos_policy_id": "",
            "region": "regionOne",
            "security_group_ids": null,
            "tags": [],
            "tenant_id": "03caea5dcd254ff8ac2a2f5a9fb0eba5",
            "timeouts": null,
            "value_specs": null
          },
          "sensitive_attributes": [],
          "private": "eyJlMmJmYjczMC1lY2FhLTExZTYtOGY4OC0zNDM2M2JjN2M0YzAiOnsiY3JlYXRlIjo2MDAwMDAwMDAwMDAsImRlbGV0ZSI6NjAwMDAwMDAwMDAwfX0=",
          "dependencies": [
            "openstack_networking_network_v2.tf-network1",
            "openstack_networking_subnet_v2.tf-subnet1"
          ]
        }
      ]
    },
    {
      "mode": "managed",
      "type": "openstack_networking_port_v2",
      "name": "worker-port",
      "provider": "provider[\"registry.terraform.io/terraform-provider-openstack/openstack\"]",
      "instances": [
        {
          "index_key": "worker1",
          "schema_version": 0,
          "attributes": {
            "admin_state_up": true,
            "all_fixed_ips": [
              "10.20.20.12"
            ],
            "all_security_group_ids": [
              "8f6d6e22-b047-41c1-a4ff-8bcd47e3b8ac"
            ],
            "all_tags": [],
            "allowed_address_pairs": [],
            "binding": [
              {
                "host_id": "tbsrhosp-compute-0.lintasarta.net",
                "profile": "{}",
                "vif_details": {
                  "port_filter": "true"
                },
                "vif_type": "ovs",
                "vnic_type": "normal"
              }
            ],
            "description": "",
            "device_id": "79a72a79-fd82-4038-b42f-7a4083d14700",
            "device_owner": "compute:nova",
            "dns_assignment": [
              {
                "fqdn": "host-10-20-20-12.openstacklocal.",
                "hostname": "host-10-20-20-12",
                "ip_address": "10.20.20.12"
              }
            ],
            "dns_name": "",
            "extra_dhcp_option": [],
            "fixed_ip": [
              {
                "ip_address": "10.20.20.12",
                "subnet_id": "d848ae4e-3fd1-4757-b85e-b4ae18045295"
              }
            ],
            "id": "3e2ffd1a-8fec-4262-a59a-ca2d9733732c",
            "mac_address": "fa:16:3e:04:0f:24",
            "name": "port-worker-10.20.20.12",
            "network_id": "1a740496-20b1-4104-a034-65716f68506b",
            "no_fixed_ip": null,
            "no_security_groups": null,
            "port_security_enabled": true,
            "qos_policy_id": "",
            "region": "regionOne",
            "security_group_ids": null,
            "tags": [],
            "tenant_id": "03caea5dcd254ff8ac2a2f5a9fb0eba5",
            "timeouts": null,
            "value_specs": null
          },
          "sensitive_attributes": [],
          "private": "eyJlMmJmYjczMC1lY2FhLTExZTYtOGY4OC0zNDM2M2JjN2M0YzAiOnsiY3JlYXRlIjo2MDAwMDAwMDAwMDAsImRlbGV0ZSI6NjAwMDAwMDAwMDAwfX0=",
          "dependencies": [
            "openstack_networking_network_v2.tf-network1",
            "openstack_networking_subnet_v2.tf-subnet1"
          ]
        },
        {
          "index_key": "worker2",
          "schema_version": 0,
          "attributes": {
            "admin_state_up": true,
            "all_fixed_ips": [
              "10.20.20.13"
            ],
            "all_security_group_ids": [
              "8f6d6e22-b047-41c1-a4ff-8bcd47e3b8ac"
            ],
            "all_tags": [],
            "allowed_address_pairs": [],
            "binding": [
              {
                "host_id": "tbsrhosp-compute-2.lintasarta.net",
                "profile": "{}",
                "vif_details": {
                  "port_filter": "true"
                },
                "vif_type": "ovs",
                "vnic_type": "normal"
              }
            ],
            "description": "",
            "device_id": "102ea181-1199-409c-9999-5aa400a62618",
            "device_owner": "compute:nova",
            "dns_assignment": [
              {
                "fqdn": "host-10-20-20-13.openstacklocal.",
                "hostname": "host-10-20-20-13",
                "ip_address": "10.20.20.13"
              }
            ],
            "dns_name": "",
            "extra_dhcp_option": [],
            "fixed_ip": [
              {
                "ip_address": "10.20.20.13",
                "subnet_id": "d848ae4e-3fd1-4757-b85e-b4ae18045295"
              }
            ],
            "id": "3bd69ba6-222d-423b-83e4-fbebae6ec89b",
            "mac_address": "fa:16:3e:98:11:68",
            "name": "port-worker-10.20.20.13",
            "network_id": "1a740496-20b1-4104-a034-65716f68506b",
            "no_fixed_ip": null,
            "no_security_groups": null,
            "port_security_enabled": true,
            "qos_policy_id": "",
            "region": "regionOne",
            "security_group_ids": null,
            "tags": [],
            "tenant_id": "03caea5dcd254ff8ac2a2f5a9fb0eba5",
            "timeouts": null,
            "value_specs": null
          },
          "sensitive_attributes": [],
          "private": "eyJlMmJmYjczMC1lY2FhLTExZTYtOGY4OC0zNDM2M2JjN2M0YzAiOnsiY3JlYXRlIjo2MDAwMDAwMDAwMDAsImRlbGV0ZSI6NjAwMDAwMDAwMDAwfX0=",
          "dependencies": [
            "openstack_networking_network_v2.tf-network1",
            "openstack_networking_subnet_v2.tf-subnet1"
          ]
        }
      ]
    },
    {
      "mode": "managed",
      "type": "openstack_networking_router_interface_v2",
      "name": "tf-router_interface",
      "provider": "provider[\"registry.terraform.io/terraform-provider-openstack/openstack\"]",
      "instances": [
        {
          "schema_version": 0,
          "attributes": {
            "force_destroy": false,
            "id": "b15d2751-d2c5-4343-b23e-4067b739f225",
            "port_id": "b15d2751-d2c5-4343-b23e-4067b739f225",
            "region": "regionOne",
            "router_id": "b0c30bd3-7bab-454f-ac62-9e0e81c316ed",
            "subnet_id": "d848ae4e-3fd1-4757-b85e-b4ae18045295",
            "timeouts": null
          },
          "sensitive_attributes": [],
          "private": "eyJlMmJmYjczMC1lY2FhLTExZTYtOGY4OC0zNDM2M2JjN2M0YzAiOnsiY3JlYXRlIjo2MDAwMDAwMDAwMDAsImRlbGV0ZSI6NjAwMDAwMDAwMDAwfX0=",
          "dependencies": [
            "openstack_networking_network_v2.tf-network1",
            "openstack_networking_router_v2.tf-router",
            "openstack_networking_subnet_v2.tf-subnet1"
          ]
        }
      ]
    },
    {
      "mode": "managed",
      "type": "openstack_networking_router_v2",
      "name": "tf-router",
      "provider": "provider[\"registry.terraform.io/terraform-provider-openstack/openstack\"]",
      "instances": [
        {
          "schema_version": 0,
          "attributes": {
            "admin_state_up": true,
            "all_tags": [],
            "availability_zone_hints": [],
            "description": "",
            "distributed": false,
            "enable_snat": true,
            "external_fixed_ip": [
              {
                "ip_address": "125.213.130.178",
                "subnet_id": "ac59ea05-a5c9-47e3-bafc-9eaa7610d48b"
              }
            ],
            "external_gateway": "6806d2df-7719-4711-aa3b-94fa4598ed4b",
            "external_network_id": "6806d2df-7719-4711-aa3b-94fa4598ed4b",
            "external_subnet_ids": null,
            "id": "b0c30bd3-7bab-454f-ac62-9e0e81c316ed",
            "name": "terra-router",
            "region": "regionOne",
            "tags": [],
            "tenant_id": "03caea5dcd254ff8ac2a2f5a9fb0eba5",
            "timeouts": null,
            "value_specs": null,
            "vendor_options": []
          },
          "sensitive_attributes": [],
          "private": "eyJlMmJmYjczMC1lY2FhLTExZTYtOGY4OC0zNDM2M2JjN2M0YzAiOnsiY3JlYXRlIjo2MDAwMDAwMDAwMDAsImRlbGV0ZSI6NjAwMDAwMDAwMDAwfX0="
        }
      ]
    },
    {
      "mode": "managed",
      "type": "openstack_networking_subnet_v2",
      "name": "tf-subnet1",
      "provider": "provider[\"registry.terraform.io/terraform-provider-openstack/openstack\"]",
      "instances": [
        {
          "schema_version": 0,
          "attributes": {
            "all_tags": [],
            "allocation_pool": [
              {
                "end": "10.20.20.254",
                "start": "10.20.20.2"
              }
            ],
            "allocation_pools": [
              {
                "end": "10.20.20.254",
                "start": "10.20.20.2"
              }
            ],
            "cidr": "10.20.20.0/24",
            "description": "",
            "dns_nameservers": [],
            "enable_dhcp": true,
            "gateway_ip": "10.20.20.1",
            "host_routes": [],
            "id": "d848ae4e-3fd1-4757-b85e-b4ae18045295",
            "ip_version": 4,
            "ipv6_address_mode": "",
            "ipv6_ra_mode": "",
            "name": "tf-subnet",
            "network_id": "1a740496-20b1-4104-a034-65716f68506b",
            "no_gateway": false,
            "prefix_length": null,
            "region": "regionOne",
            "service_types": [],
            "subnetpool_id": "",
            "tags": [],
            "tenant_id": "03caea5dcd254ff8ac2a2f5a9fb0eba5",
            "timeouts": null,
            "value_specs": null
          },
          "sensitive_attributes": [],
          "private": "eyJlMmJmYjczMC1lY2FhLTExZTYtOGY4OC0zNDM2M2JjN2M0YzAiOnsiY3JlYXRlIjo2MDAwMDAwMDAwMDAsImRlbGV0ZSI6NjAwMDAwMDAwMDAwfX0=",
          "dependencies": [
            "openstack_networking_network_v2.tf-network1"
          ]
        }
      ]
    }
  ],
  "check_results": null
}
